
Microsoft Visual Studio Solution File, Format Version 12.00
# Visual Studio 15
VisualStudioVersion = 15.0.26730.12
MinimumVisualStudioVersion = 10.0.40219.1
Project("{FAE04EC0-301F-11D3-BF4B-00C04F79EFBC}") = "SearchCustomNavigationPage.Android", "SearchCustomNavigationPage\SearchCustomNavigationPage.Android\SearchCustomNavigationPage.Android.csproj", "{4E0738D5-E1CF-4ED2-A57B-FFD149B3838C}"
EndProject
Project("{FAE04EC0-301F-11D3-BF4B-00C04F79EFBC}") = "SearchCustomNavigationPage", "SearchCustomNavigationPage\SearchCustomNavigationPage\SearchCustomNavigationPage.csproj", "{05E20C68-03DE-4135-8805-9AD477118074}"
EndProject
Project("{FAE04EC0-301F-11D3-BF4B-00C04F79EFBC}") = "SearchCustomNavigationPage.UWP", "SearchCustomNavigationPage\SearchCustomNavigationPage.UWP\SearchCustomNavigationPage.UWP.csproj", "{C91248EF-0730-4844-9ABA-D3A77EC8E683}"
EndProject
Project("{FAE04EC0-301F-11D3-BF4B-00C04F79EFBC}") = "SearchCustomNavigationPage.iOS", "SearchCustomNavigationPage\SearchCustomNavigationPage.iOS\SearchCustomNavigationPage.iOS.csproj", "{CC8DE212-BA0E-4F1B-A5C0-528F725B0BB4}"
EndProject
Global
	GlobalSection(SolutionConfigurationPlatforms) = preSolution
		Ad-Hoc|Any CPU = Ad-Hoc|Any CPU
		Ad-Hoc|ARM = Ad-Hoc|ARM
		Ad-Hoc|iPhone = Ad-Hoc|iPhone
		Ad-Hoc|iPhoneSimulator = Ad-Hoc|iPhoneSimulator
		Ad-Hoc|x64 = Ad-Hoc|x64
		Ad-Hoc|x86 = Ad-Hoc|x86
		AppStore|Any CPU = AppStore|Any CPU
		AppStore|ARM = AppStore|ARM
		AppStore|iPhone = AppStore|iPhone
		AppStore|iPhoneSimulator = AppStore|iPhoneSimulator
		AppStore|x64 = AppStore|x64
		AppStore|x86 = AppStore|x86
		Debug|Any CPU = Debug|Any CPU
		Debug|ARM = Debug|ARM
		Debug|iPhone = Debug|iPhone
		Debug|iPhoneSimulator = Debug|iPhoneSimulator
		Debug|x64 = Debug|x64
		Debug|x86 = Debug|x86
		Release|Any CPU = Release|Any CPU
		Release|ARM = Release|ARM
		Release|iPhone = Release|iPhone
		Release|iPhoneSimulator = Release|iPhoneSimulator
		Release|x64 = Release|x64
		Release|x86 = Release|x86
	EndGlobalSection
	GlobalSection(ProjectConfigurationPlatforms) = postSolution
		{4E0738D5-E1CF-4ED2-A57B-FFD149B3838C}.Ad-Hoc|Any CPU.ActiveCfg = Release|Any CPU
		{4E0738D5-E1CF-4ED2-A57B-FFD149B3838C}.Ad-Hoc|Any CPU.Build.0 = Release|Any CPU
		{4E0738D5-E1CF-4ED2-A57B-FFD149B3838C}.Ad-Hoc|Any CPU.Deploy.0 = Release|Any CPU
		{4E0738D5-E1CF-4ED2-A57B-FFD149B3838C}.Ad-Hoc|ARM.ActiveCfg = Release|Any CPU
		{4E0738D5-E1CF-4ED2-A57B-FFD149B3838C}.Ad-Hoc|ARM.Build.0 = Release|Any CPU
		{4E0738D5-E1CF-4ED2-A57B-FFD149B3838C}.Ad-Hoc|ARM.Deploy.0 = Release|Any CPU
		{4E0738D5-E1CF-4ED2-A57B-FFD149B3838C}.Ad-Hoc|iPhone.ActiveCfg = Release|Any CPU
		{4E0738D5-E1CF-4ED2-A57B-FFD149B3838C}.Ad-Hoc|iPhone.Build.0 = Release|Any CPU
		{4E0738D5-E1CF-4ED2-A57B-FFD149B3838C}.Ad-Hoc|iPhone.Deploy.0 = Release|Any CPU
		{4E0738D5-E1CF-4ED2-A57B-FFD149B3838C}.Ad-Hoc|iPhoneSimulator.ActiveCfg = Release|Any CPU
		{4E0738D5-E1CF-4ED2-A57B-FFD149B3838C}.Ad-Hoc|iPhoneSimulator.Build.0 = Release|Any CPU
		{4E0738D5-E1CF-4ED2-A57B-FFD149B3838C}.Ad-Hoc|iPhoneSimulator.Deploy.0 = Release|Any CPU
		{4E0738D5-E1CF-4ED2-A57B-FFD149B3838C}.Ad-Hoc|x64.ActiveCfg = Release|Any CPU
		{4E0738D5-E1CF-4ED2-A57B-FFD149B3838C}.Ad-Hoc|x64.Build.0 = Release|Any CPU
		{4E0738D5-E1CF-4ED2-A57B-FFD149B3838C}.Ad-Hoc|x64.Deploy.0 = Release|Any CPU
		{4E0738D5-E1CF-4ED2-A57B-FFD149B3838C}.Ad-Hoc|x86.ActiveCfg = Release|Any CPU
		{4E0738D5-E1CF-4ED2-A57B-FFD149B3838C}.Ad-Hoc|x86.Build.0 = Release|Any CPU
		{4E0738D5-E1CF-4ED2-A57B-FFD149B3838C}.Ad-Hoc|x86.Deploy.0 = Release|Any CPU
		{4E0738D5-E1CF-4ED2-A57B-FFD149B3838C}.AppStore|Any CPU.ActiveCfg = Release|Any CPU
		{4E0738D5-E1CF-4ED2-A57B-FFD149B3838C}.AppStore|Any CPU.Build.0 = Release|Any CPU
		{4E0738D5-E1CF-4ED2-A57B-FFD149B3838C}.AppStore|Any CPU.Deploy.0 = Release|Any CPU
		{4E0738D5-E1CF-4ED2-A57B-FFD149B3838C}.AppStore|ARM.ActiveCfg = Release|Any CPU
		{4E0738D5-E1CF-4ED2-A57B-FFD149B3838C}.AppStore|ARM.Build.0 = Release|Any CPU
		{4E0738D5-E1CF-4ED2-A57B-FFD149B3838C}.AppStore|ARM.Deploy.0 = Release|Any CPU
		{4E0738D5-E1CF-4ED2-A57B-FFD149B3838C}.AppStore|iPhone.ActiveCfg = Release|Any CPU
		{4E0738D5-E1CF-4ED2-A57B-FFD149B3838C}.AppStore|iPhone.Build.0 = Release|Any CPU
		{4E0738D5-E1CF-4ED2-A57B-FFD149B3838C}.AppStore|iPhone.Deploy.0 = Release|Any CPU
		{4E0738D5-E1CF-4ED2-A57B-FFD149B3838C}.AppStore|iPhoneSimulator.ActiveCfg = Release|Any CPU
		{4E0738D5-E1CF-4ED2-A57B-FFD149B3838C}.AppStore|iPhoneSimulator.Build.0 = Release|Any CPU
		{4E0738D5-E1CF-4ED2-A57B-FFD149B3838C}.AppStore|iPhoneSimulator.Deploy.0 = Release|Any CPU
		{4E0738D5-E1CF-4ED2-A57B-FFD149B3838C}.AppStore|x64.ActiveCfg = Release|Any CPU
		{4E0738D5-E1CF-4ED2-A57B-FFD149B3838C}.AppStore|x64.Build.0 = Release|Any CPU
		{4E0738D5-E1CF-4ED2-A57B-FFD149B3838C}.AppStore|x64.Deploy.0 = Release|Any CPU
		{4E0738D5-E1CF-4ED2-A57B-FFD149B3838C}.AppStore|x86.ActiveCfg = Release|Any CPU
		{4E0738D5-E1CF-4ED2-A57B-FFD149B3838C}.AppStore|x86.Build.0 = Release|Any CPU
		{4E0738D5-E1CF-4ED2-A57B-FFD149B3838C}.AppStore|x86.Deploy.0 = Release|Any CPU
		{4E0738D5-E1CF-4ED2-A57B-FFD149B3838C}.Debug|Any CPU.ActiveCfg = Debug|Any CPU
		{4E0738D5-E1CF-4ED2-A57B-FFD149B3838C}.Debug|Any CPU.Build.0 = Debug|Any CPU
		{4E0738D5-E1CF-4ED2-A57B-FFD149B3838C}.Debug|Any CPU.Deploy.0 = Debug|Any CPU
		{4E0738D5-E1CF-4ED2-A57B-FFD149B3838C}.Debug|ARM.ActiveCfg = Debug|Any CPU
		{4E0738D5-E1CF-4ED2-A57B-FFD149B3838C}.Debug|ARM.Build.0 = Debug|Any CPU
		{4E0738D5-E1CF-4ED2-A57B-FFD149B3838C}.Debug|ARM.Deploy.0 = Debug|Any CPU
		{4E0738D5-E1CF-4ED2-A57B-FFD149B3838C}.Debug|iPhone.ActiveCfg = Debug|Any CPU
		{4E0738D5-E1CF-4ED2-A57B-FFD149B3838C}.Debug|iPhone.Build.0 = Debug|Any CPU
		{4E0738D5-E1CF-4ED2-A57B-FFD149B3838C}.Debug|iPhone.Deploy.0 = Debug|Any CPU
		{4E0738D5-E1CF-4ED2-A57B-FFD149B3838C}.Debug|iPhoneSimulator.ActiveCfg = Debug|Any CPU
		{4E0738D5-E1CF-4ED2-A57B-FFD149B3838C}.Debug|iPhoneSimulator.Build.0 = Debug|Any CPU
		{4E0738D5-E1CF-4ED2-A57B-FFD149B3838C}.Debug|iPhoneSimulator.Deploy.0 = Debug|Any CPU
		{4E0738D5-E1CF-4ED2-A57B-FFD149B3838C}.Debug|x64.ActiveCfg = Debug|Any CPU
		{4E0738D5-E1CF-4ED2-A57B-FFD149B3838C}.Debug|x64.Build.0 = Debug|Any CPU
		{4E0738D5-E1CF-4ED2-A57B-FFD149B3838C}.Debug|x64.Deploy.0 = Debug|Any CPU
		{4E0738D5-E1CF-4ED2-A57B-FFD149B3838C}.Debug|x86.ActiveCfg = Debug|Any CPU
		{4E0738D5-E1CF-4ED2-A57B-FFD149B3838C}.Debug|x86.Build.0 = Debug|Any CPU
		{4E0738D5-E1CF-4ED2-A57B-FFD149B3838C}.Debug|x86.Deploy.0 = Debug|Any CPU
		{4E0738D5-E1CF-4ED2-A57B-FFD149B3838C}.Release|Any CPU.ActiveCfg = Release|Any CPU
		{4E0738D5-E1CF-4ED2-A57B-FFD149B3838C}.Release|Any CPU.Build.0 = Release|Any CPU
		{4E0738D5-E1CF-4ED2-A57B-FFD149B3838C}.Release|Any CPU.Deploy.0 = Release|Any CPU
		{4E0738D5-E1CF-4ED2-A57B-FFD149B3838C}.Release|ARM.ActiveCfg = Release|Any CPU
		{4E0738D5-E1CF-4ED2-A57B-FFD149B3838C}.Release|ARM.Build.0 = Release|Any CPU
		{4E0738D5-E1CF-4ED2-A57B-FFD149B3838C}.Release|ARM.Deploy.0 = Release|Any CPU
		{4E0738D5-E1CF-4ED2-A57B-FFD149B3838C}.Release|iPhone.ActiveCfg = Release|Any CPU
		{4E0738D5-E1CF-4ED2-A57B-FFD149B3838C}.Release|iPhone.Build.0 = Release|Any CPU
		{4E0738D5-E1CF-4ED2-A57B-FFD149B3838C}.Release|iPhone.Deploy.0 = Release|Any CPU
		{4E0738D5-E1CF-4ED2-A57B-FFD149B3838C}.Release|iPhoneSimulator.ActiveCfg = Release|Any CPU
		{4E0738D5-E1CF-4ED2-A57B-FFD149B3838C}.Release|iPhoneSimulator.Build.0 = Release|Any CPU
		{4E0738D5-E1CF-4ED2-A57B-FFD149B3838C}.Release|iPhoneSimulator.Deploy.0 = Release|Any CPU
		{4E0738D5-E1CF-4ED2-A57B-FFD149B3838C}.Release|x64.ActiveCfg = Release|Any CPU
		{4E0738D5-E1CF-4ED2-A57B-FFD149B3838C}.Release|x64.Build.0 = Release|Any CPU
		{4E0738D5-E1CF-4ED2-A57B-FFD149B3838C}.Release|x64.Deploy.0 = Release|Any CPU
		{4E0738D5-E1CF-4ED2-A57B-FFD149B3838C}.Release|x86.ActiveCfg = Release|Any CPU
		{4E0738D5-E1CF-4ED2-A57B-FFD149B3838C}.Release|x86.Build.0 = Release|Any CPU
		{4E0738D5-E1CF-4ED2-A57B-FFD149B3838C}.Release|x86.Deploy.0 = Release|Any CPU
		{05E20C68-03DE-4135-8805-9AD477118074}.Ad-Hoc|Any CPU.ActiveCfg = Release|Any CPU
		{05E20C68-03DE-4135-8805-9AD477118074}.Ad-Hoc|Any CPU.Build.0 = Release|Any CPU
		{05E20C68-03DE-4135-8805-9AD477118074}.Ad-Hoc|ARM.ActiveCfg = Release|Any CPU
		{05E20C68-03DE-4135-8805-9AD477118074}.Ad-Hoc|ARM.Build.0 = Release|Any CPU
		{05E20C68-03DE-4135-8805-9AD477118074}.Ad-Hoc|iPhone.ActiveCfg = Release|Any CPU
		{05E20C68-03DE-4135-8805-9AD477118074}.Ad-Hoc|iPhone.Build.0 = Release|Any CPU
		{05E20C68-03DE-4135-8805-9AD477118074}.Ad-Hoc|iPhoneSimulator.ActiveCfg = Release|Any CPU
		{05E20C68-03DE-4135-8805-9AD477118074}.Ad-Hoc|iPhoneSimulator.Build.0 = Release|Any CPU
		{05E20C68-03DE-4135-8805-9AD477118074}.Ad-Hoc|x64.ActiveCfg = Release|Any CPU
		{05E20C68-03DE-4135-8805-9AD477118074}.Ad-Hoc|x64.Build.0 = Release|Any CPU
		{05E20C68-03DE-4135-8805-9AD477118074}.Ad-Hoc|x86.ActiveCfg = Release|Any CPU
		{05E20C68-03DE-4135-8805-9AD477118074}.Ad-Hoc|x86.Build.0 = Release|Any CPU
		{05E20C68-03DE-4135-8805-9AD477118074}.AppStore|Any CPU.ActiveCfg = Release|Any CPU
		{05E20C68-03DE-4135-8805-9AD477118074}.AppStore|Any CPU.Build.0 = Release|Any CPU
		{05E20C68-03DE-4135-8805-9AD477118074}.AppStore|ARM.ActiveCfg = Release|Any CPU
		{05E20C68-03DE-4135-8805-9AD477118074}.AppStore|ARM.Build.0 = Release|Any CPU
		{05E20C68-03DE-4135-8805-9AD477118074}.AppStore|iPhone.ActiveCfg = Release|Any CPU
		{05E20C68-03DE-4135-8805-9AD477118074}.AppStore|iPhone.Build.0 = Release|Any CPU
		{05E20C68-03DE-4135-8805-9AD477118074}.AppStore|iPhoneSimulator.ActiveCfg = Release|Any CPU
		{05E20C68-03DE-4135-8805-9AD477118074}.AppStore|iPhoneSimulator.Build.0 = Release|Any CPU
		{05E20C68-03DE-4135-8805-9AD477118074}.AppStore|x64.ActiveCfg = Release|Any CPU
		{05E20C68-03DE-4135-8805-9AD477118074}.AppStore|x64.Build.0 = Release|Any CPU
		{05E20C68-03DE-4135-8805-9AD477118074}.AppStore|x86.ActiveCfg = Release|Any CPU
		{05E20C68-03DE-4135-8805-9AD477118074}.AppStore|x86.Build.0 = Release|Any CPU
		{05E20C68-03DE-4135-8805-9AD477118074}.Debug|Any CPU.ActiveCfg = Debug|Any CPU
		{05E20C68-03DE-4135-8805-9AD477118074}.Debug|Any CPU.Build.0 = Debug|Any CPU
		{05E20C68-03DE-4135-8805-9AD477118074}.Debug|ARM.ActiveCfg = Debug|Any CPU
		{05E20C68-03DE-4135-8805-9AD477118074}.Debug|ARM.Build.0 = Debug|Any CPU
		{05E20C68-03DE-4135-8805-9AD477118074}.Debug|iPhone.ActiveCfg = Debug|Any CPU
		{05E20C68-03DE-4135-8805-9AD477118074}.Debug|iPhone.Build.0 = Debug|Any CPU
		{05E20C68-03DE-4135-8805-9AD477118074}.Debug|iPhoneSimulator.ActiveCfg = Debug|Any CPU
		{05E20C68-03DE-4135-8805-9AD477118074}.Debug|iPhoneSimulator.Build.0 = Debug|Any CPU
		{05E20C68-03DE-4135-8805-9AD477118074}.Debug|x64.ActiveCfg = Debug|Any CPU
		{05E20C68-03DE-4135-8805-9AD477118074}.Debug|x64.Build.0 = Debug|Any CPU
		{05E20C68-03DE-4135-8805-9AD477118074}.Debug|x86.ActiveCfg = Debug|Any CPU
		{05E20C68-03DE-4135-8805-9AD477118074}.Debug|x86.Build.0 = Debug|Any CPU
		{05E20C68-03DE-4135-8805-9AD477118074}.Release|Any CPU.ActiveCfg = Release|Any CPU
		{05E20C68-03DE-4135-8805-9AD477118074}.Release|Any CPU.Build.0 = Release|Any CPU
		{05E20C68-03DE-4135-8805-9AD477118074}.Release|ARM.ActiveCfg = Release|Any CPU
		{05E20C68-03DE-4135-8805-9AD477118074}.Release|ARM.Build.0 = Release|Any CPU
		{05E20C68-03DE-4135-8805-9AD477118074}.Release|iPhone.ActiveCfg = Release|Any CPU
		{05E20C68-03DE-4135-8805-9AD477118074}.Release|iPhone.Build.0 = Release|Any CPU
		{05E20C68-03DE-4135-8805-9AD477118074}.Release|iPhoneSimulator.ActiveCfg = Release|Any CPU
		{05E20C68-03DE-4135-8805-9AD477118074}.Release|iPhoneSimulator.Build.0 = Release|Any CPU
		{05E20C68-03DE-4135-8805-9AD477118074}.Release|x64.ActiveCfg = Release|Any CPU
		{05E20C68-03DE-4135-8805-9AD477118074}.Release|x64.Build.0 = Release|Any CPU
		{05E20C68-03DE-4135-8805-9AD477118074}.Release|x86.ActiveCfg = Release|Any CPU
		{05E20C68-03DE-4135-8805-9AD477118074}.Release|x86.Build.0 = Release|Any CPU
		{C91248EF-0730-4844-9ABA-D3A77EC8E683}.Ad-Hoc|Any CPU.ActiveCfg = Release|x86
		{C91248EF-0730-4844-9ABA-D3A77EC8E683}.Ad-Hoc|Any CPU.Build.0 = Release|x86
		{C91248EF-0730-4844-9ABA-D3A77EC8E683}.Ad-Hoc|Any CPU.Deploy.0 = Release|x86
		{C91248EF-0730-4844-9ABA-D3A77EC8E683}.Ad-Hoc|ARM.ActiveCfg = Release|ARM
		{C91248EF-0730-4844-9ABA-D3A77EC8E683}.Ad-Hoc|ARM.Build.0 = Release|ARM
		{C91248EF-0730-4844-9ABA-D3A77EC8E683}.Ad-Hoc|ARM.Deploy.0 = Release|ARM
		{C91248EF-0730-4844-9ABA-D3A77EC8E683}.Ad-Hoc|iPhone.ActiveCfg = Release|x86
		{C91248EF-0730-4844-9ABA-D3A77EC8E683}.Ad-Hoc|iPhone.Build.0 = Release|x86
		{C91248EF-0730-4844-9ABA-D3A77EC8E683}.Ad-Hoc|iPhone.Deploy.0 = Release|x86
		{C91248EF-0730-4844-9ABA-D3A77EC8E683}.Ad-Hoc|iPhoneSimulator.ActiveCfg = Release|x86
		{C91248EF-0730-4844-9ABA-D3A77EC8E683}.Ad-Hoc|iPhoneSimulator.Build.0 = Release|x86
		{C91248EF-0730-4844-9ABA-D3A77EC8E683}.Ad-Hoc|iPhoneSimulator.Deploy.0 = Release|x86
		{C91248EF-0730-4844-9ABA-D3A77EC8E683}.Ad-Hoc|x64.ActiveCfg = Release|x64
		{C91248EF-0730-4844-9ABA-D3A77EC8E683}.Ad-Hoc|x64.Build.0 = Release|x64
		{C91248EF-0730-4844-9ABA-D3A77EC8E683}.Ad-Hoc|x64.Deploy.0 = Release|x64
		{C91248EF-0730-4844-9ABA-D3A77EC8E683}.Ad-Hoc|x86.ActiveCfg = Release|x86
		{C91248EF-0730-4844-9ABA-D3A77EC8E683}.Ad-Hoc|x86.Build.0 = Release|x86
		{C91248EF-0730-4844-9ABA-D3A77EC8E683}.Ad-Hoc|x86.Deploy.0 = Release|x86
		{C91248EF-0730-4844-9ABA-D3A77EC8E683}.AppStore|Any CPU.ActiveCfg = Release|x86
		{C91248EF-0730-4844-9ABA-D3A77EC8E683}.AppStore|Any CPU.Build.0 = Release|x86
		{C91248EF-0730-4844-9ABA-D3A77EC8E683}.AppStore|Any CPU.Deploy.0 = Release|x86
		{C91248EF-0730-4844-9ABA-D3A77EC8E683}.AppStore|ARM.ActiveCfg = Release|ARM
		{C91248EF-0730-4844-9ABA-D3A77EC8E683}.AppStore|ARM.Build.0 = Release|ARM
		{C91248EF-0730-4844-9ABA-D3A77EC8E683}.AppStore|ARM.Deploy.0 = Release|ARM
		{C91248EF-0730-4844-9ABA-D3A77EC8E683}.AppStore|iPhone.ActiveCfg = Release|x86
		{C91248EF-0730-4844-9ABA-D3A77EC8E683}.AppStore|iPhone.Build.0 = Release|x86
		{C91248EF-0730-4844-9ABA-D3A77EC8E683}.AppStore|iPhone.Deploy.0 = Release|x86
		{C91248EF-0730-4844-9ABA-D3A77EC8E683}.AppStore|iPhoneSimulator.ActiveCfg = Release|x86
		{C91248EF-0730-4844-9ABA-D3A77EC8E683}.AppStore|iPhoneSimulator.Build.0 = Release|x86
		{C91248EF-0730-4844-9ABA-D3A77EC8E683}.AppStore|iPhoneSimulator.Deploy.0 = Release|x86
		{C91248EF-0730-4844-9ABA-D3A77EC8E683}.AppStore|x64.ActiveCfg = Release|x64
		{C91248EF-0730-4844-9ABA-D3A77EC8E683}.AppStore|x64.Build.0 = Release|x64
		{C91248EF-0730-4844-9ABA-D3A77EC8E683}.AppStore|x64.Deploy.0 = Release|x64
		{C91248EF-0730-4844-9ABA-D3A77EC8E683}.AppStore|x86.ActiveCfg = Release|x86
		{C91248EF-0730-4844-9ABA-D3A77EC8E683}.AppStore|x86.Build.0 = Release|x86
		{C91248EF-0730-4844-9ABA-D3A77EC8E683}.AppStore|x86.Deploy.0 = Release|x86
		{C91248EF-0730-4844-9ABA-D3A77EC8E683}.Debug|Any CPU.ActiveCfg = Debug|x86
		{C91248EF-0730-4844-9ABA-D3A77EC8E683}.Debug|ARM.ActiveCfg = Debug|ARM
		{C91248EF-0730-4844-9ABA-D3A77EC8E683}.Debug|ARM.Build.0 = Debug|ARM
		{C91248EF-0730-4844-9ABA-D3A77EC8E683}.Debug|ARM.Deploy.0 = Debug|ARM
		{C91248EF-0730-4844-9ABA-D3A77EC8E683}.Debug|iPhone.ActiveCfg = Debug|x86
		{C91248EF-0730-4844-9ABA-D3A77EC8E683}.Debug|iPhoneSimulator.ActiveCfg = Debug|x86
		{C91248EF-0730-4844-9ABA-D3A77EC8E683}.Debug|x64.ActiveCfg = Debug|x64
		{C91248EF-0730-4844-9ABA-D3A77EC8E683}.Debug|x64.Build.0 = Debug|x64
		{C91248EF-0730-4844-9ABA-D3A77EC8E683}.Debug|x64.Deploy.0 = Debug|x64
		{C91248EF-0730-4844-9ABA-D3A77EC8E683}.Debug|x86.ActiveCfg = Debug|x86
		{C91248EF-0730-4844-9ABA-D3A77EC8E683}.Debug|x86.Build.0 = Debug|x86
		{C91248EF-0730-4844-9ABA-D3A77EC8E683}.Debug|x86.Deploy.0 = Debug|x86
		{C91248EF-0730-4844-9ABA-D3A77EC8E683}.Release|Any CPU.ActiveCfg = Release|x86
		{C91248EF-0730-4844-9ABA-D3A77EC8E683}.Release|ARM.ActiveCfg = Release|ARM
		{C91248EF-0730-4844-9ABA-D3A77EC8E683}.Release|ARM.Build.0 = Release|ARM
		{C91248EF-0730-4844-9ABA-D3A77EC8E683}.Release|ARM.Deploy.0 = Release|ARM
		{C91248EF-0730-4844-9ABA-D3A77EC8E683}.Release|iPhone.ActiveCfg = Release|x86
		{C91248EF-0730-4844-9ABA-D3A77EC8E683}.Release|iPhoneSimulator.ActiveCfg = Release|x86
		{C91248EF-0730-4844-9ABA-D3A77EC8E683}.Release|x64.ActiveCfg = Release|x64
		{C91248EF-0730-4844-9ABA-D3A77EC8E683}.Release|x64.Build.0 = Release|x64
		{C91248EF-0730-4844-9ABA-D3A77EC8E683}.Release|x64.Deploy.0 = Release|x64
		{C91248EF-0730-4844-9ABA-D3A77EC8E683}.Release|x86.ActiveCfg = Release|x86
		{C91248EF-0730-4844-9ABA-D3A77EC8E683}.Release|x86.Build.0 = Release|x86
		{C91248EF-0730-4844-9ABA-D3A77EC8E683}.Release|x86.Deploy.0 = Release|x86
		{CC8DE212-BA0E-4F1B-A5C0-528F725B0BB4}.Ad-Hoc|Any CPU.ActiveCfg = Ad-Hoc|iPhone
		{CC8DE212-BA0E-4F1B-A5C0-528F725B0BB4}.Ad-Hoc|ARM.ActiveCfg = Ad-Hoc|iPhone
		{CC8DE212-BA0E-4F1B-A5C0-528F725B0BB4}.Ad-Hoc|iPhone.ActiveCfg = Ad-Hoc|iPhone
		{CC8DE212-BA0E-4F1B-A5C0-528F725B0BB4}.Ad-Hoc|iPhone.Build.0 = Ad-Hoc|iPhone
		{CC8DE212-BA0E-4F1B-A5C0-528F725B0BB4}.Ad-Hoc|iPhoneSimulator.ActiveCfg = Ad-Hoc|iPhoneSimulator
		{CC8DE212-BA0E-4F1B-A5C0-528F725B0BB4}.Ad-Hoc|iPhoneSimulator.Build.0 = Ad-Hoc|iPhoneSimulator
		{CC8DE212-BA0E-4F1B-A5C0-528F725B0BB4}.Ad-Hoc|x64.ActiveCfg = Ad-Hoc|iPhone
		{CC8DE212-BA0E-4F1B-A5C0-528F725B0BB4}.Ad-Hoc|x86.ActiveCfg = Ad-Hoc|iPhone
		{CC8DE212-BA0E-4F1B-A5C0-528F725B0BB4}.AppStore|Any CPU.ActiveCfg = AppStore|iPhone
		{CC8DE212-BA0E-4F1B-A5C0-528F725B0BB4}.AppStore|ARM.ActiveCfg = AppStore|iPhone
		{CC8DE212-BA0E-4F1B-A5C0-528F725B0BB4}.AppStore|iPhone.ActiveCfg = AppStore|iPhone
		{CC8DE212-BA0E-4F1B-A5C0-528F725B0BB4}.AppStore|iPhone.Build.0 = AppStore|iPhone
		{CC8DE212-BA0E-4F1B-A5C0-528F725B0BB4}.AppStore|iPhoneSimulator.ActiveCfg = AppStore|iPhoneSimulator
		{CC8DE212-BA0E-4F1B-A5C0-528F725B0BB4}.AppStore|iPhoneSimulator.Build.0 = AppStore|iPhoneSimulator
		{CC8DE212-BA0E-4F1B-A5C0-528F725B0BB4}.AppStore|x64.ActiveCfg = AppStore|iPhone
		{CC8DE212-BA0E-4F1B-A5C0-528F725B0BB4}.AppStore|x86.ActiveCfg = AppStore|iPhone
		{CC8DE212-BA0E-4F1B-A5C0-528F725B0BB4}.Debug|Any CPU.ActiveCfg = Debug|iPhone
		{CC8DE212-BA0E-4F1B-A5C0-528F725B0BB4}.Debug|ARM.ActiveCfg = Debug|iPhone
		{CC8DE212-BA0E-4F1B-A5C0-528F725B0BB4}.Debug|iPhone.ActiveCfg = Debug|iPhone
		{CC8DE212-BA0E-4F1B-A5C0-528F725B0BB4}.Debug|iPhone.Build.0 = Debug|iPhone
		{CC8DE212-BA0E-4F1B-A5C0-528F725B0BB4}.Debug|iPhoneSimulator.ActiveCfg = Debug|iPhoneSimulator
		{CC8DE212-BA0E-4F1B-A5C0-528F725B0BB4}.Debug|iPhoneSimulator.Build.0 = Debug|iPhoneSimulator
		{CC8DE212-BA0E-4F1B-A5C0-528F725B0BB4}.Debug|x64.ActiveCfg = Debug|iPhone
		{CC8DE212-BA0E-4F1B-A5C0-528F725B0BB4}.Debug|x86.ActiveCfg = Debug|iPhone
		{CC8DE212-BA0E-4F1B-A5C0-528F725B0BB4}.Release|Any CPU.ActiveCfg = Release|iPhone
		{CC8DE212-BA0E-4F1B-A5C0-528F725B0BB4}.Release|ARM.ActiveCfg = Release|iPhone
		{CC8DE212-BA0E-4F1B-A5C0-528F725B0BB4}.Release|iPhone.ActiveCfg = Release|iPhone
		{CC8DE212-BA0E-4F1B-A5C0-528F725B0BB4}.Release|iPhone.Build.0 = Release|iPhone
		{CC8DE212-BA0E-4F1B-A5C0-528F725B0BB4}.Release|iPhoneSimulator.ActiveCfg = Release|iPhoneSimulator
		{CC8DE212-BA0E-4F1B-A5C0-528F725B0BB4}.Release|iPhoneSimulator.Build.0 = Release|iPhoneSimulator
		{CC8DE212-BA0E-4F1B-A5C0-528F725B0BB4}.Release|x64.ActiveCfg = Release|iPhone
		{CC8DE212-BA0E-4F1B-A5C0-528F725B0BB4}.Release|x86.ActiveCfg = Release|iPhone
	EndGlobalSection
	GlobalSection(SolutionProperties) = preSolution
		HideSolutionNode = FALSE
	EndGlobalSection
	GlobalSection(ExtensibilityGlobals) = postSolution
		SolutionGuid = {587CEBF6-4346-4FD9-9F81-BB9A21BF8FF7}
	EndGlobalSection
EndGlobal
